
Microsoft Visual Studio Solution File, Format Version 12.00
# Visual Studio Version 17
VisualStudioVersion = 17.14.36518.9 d17.14
MinimumVisualStudioVersion = 10.0.40219.1
Project("{FAE04EC0-301F-11D3-BF4B-00C04F79EFBC}") = "MyCodeManager", "MyCodeManager.csproj", "{2B6AC963-5CB2-4C3C-9815-256C8640F894}"
EndProject
Global
	GlobalSection(SolutionConfigurationPlatforms) = preSolution
		Debug|Any CPU = Debug|Any CPU
		Release|Any CPU = Release|Any CPU
	EndGlobalSection
	GlobalSection(ProjectConfigurationPlatforms) = postSolution
		{2B6AC963-5CB2-4C3C-9815-256C8640F894}.Debug|Any CPU.ActiveCfg = Debug|Any CPU
		{2B6AC963-5CB2-4C3C-9815-256C8640F894}.Debug|Any CPU.Build.0 = Debug|Any CPU
		{2B6AC963-5CB2-4C3C-9815-256C8640F894}.Release|Any CPU.ActiveCfg = Release|Any CPU
		{2B6AC963-5CB2-4C3C-9815-256C8640F894}.Release|Any CPU.Build.0 = Release|Any CPU
	EndGlobalSection
	GlobalSection(SolutionProperties) = preSolution
		HideSolutionNode = FALSE
	EndGlobalSection
	GlobalSection(ExtensibilityGlobals) = postSolution
		SolutionGuid = {C90FACFE-8F39-4055-A60F-9F8B6113A744}
	EndGlobalSection
EndGlobal
